
Microsoft Visual Studio Solution File, Format Version 12.00
# Visual Studio Version 16
VisualStudioVersion = 16.0.31321.278
MinimumVisualStudioVersion = 10.0.40219.1
Project("{FAE04EC0-301F-11D3-BF4B-00C04F79EFBC}") = "FlowTimer", "FlowTimer\FlowTimer.csproj", "{CE2E9337-8F52-4731-ACE5-AE531F3F882F}"
EndProject
Global
	GlobalSection(SolutionConfigurationPlatforms) = preSolution
		Debug|Any CPU = Debug|Any CPU
		Release|Any CPU = Release|Any CPU
	EndGlobalSection
	GlobalSection(ProjectConfigurationPlatforms) = postSolution
		{CE2E9337-8F52-4731-ACE5-AE531F3F882F}.Debug|Any CPU.ActiveCfg = Debug|Any CPU
		{CE2E9337-8F52-4731-ACE5-AE531F3F882F}.Debug|Any CPU.Build.0 = Debug|Any CPU
		{CE2E9337-8F52-4731-ACE5-AE531F3F882F}.Release|Any CPU.ActiveCfg = Release|Any CPU
		{CE2E9337-8F52-4731-ACE5-AE531F3F882F}.Release|Any CPU.Build.0 = Release|Any CPU
	EndGlobalSection
	GlobalSection(SolutionProperties) = preSolution
		HideSolutionNode = FALSE
	EndGlobalSection
	GlobalSection(ExtensibilityGlobals) = postSolution
		SolutionGuid = {C3F7DDCE-AF63-432E-AFE3-15D20153414C}
	EndGlobalSection
EndGlobal
